{
  "name": "NFT_GAME",
  "lockfileVersion": 2,
  "requires": true,
  "packages": {
    "": {
      "dependencies": {
        "next-build-id": "^3.0.0"
      }
    },
    "node_modules/next-build-id": {
      "version": "3.0.0",
      "resolved": "https://registry.npmjs.org/next-build-id/-/next-build-id-3.0.0.tgz",
      "integrity": "sha512-B3JCsL/9Z/wkmo3EySukQHCgx89Aw0i4LPi2MEhCboQBJ6wpkYTIu1z6hOYKuw/S1Wy8ZRqCEq0dVY/ST6jGqg==",
      "engines": {
        "node": ">=8"
      }
    }
  },
  "dependencies": {
    "next-build-id": {
      "version": "3.0.0",
      "resolved": "https://registry.npmjs.org/next-build-id/-/next-build-id-3.0.0.tgz",
      "integrity": "sha512-B3JCsL/9Z/wkmo3EySukQHCgx89Aw0i4LPi2MEhCboQBJ6wpkYTIu1z6hOYKuw/S1Wy8ZRqCEq0dVY/ST6jGqg=="
    }
  }
}
